// !$*UTF8*$!
{
	archiveVersion = 1;
	classes = {
	};
	objectVersion = 50;
	objects = {

/* Begin PBXBuildFile section */
		850B8D7921FAA199002EF665 /* AppDelegate.swift in Sources */ = {isa = PBXBuildFile; fileRef = 850B8D7821FAA199002EF665 /* AppDelegate.swift */; };
		850B8D7B21FAA199002EF665 /* ViewController.swift in Sources */ = {isa = PBXBuildFile; fileRef = 850B8D7A21FAA199002EF665 /* ViewController.swift */; };
		850B8D7E21FAA199002EF665 /* Main.storyboard in Resources */ = {isa = PBXBuildFile; fileRef = 850B8D7C21FAA199002EF665 /* Main.storyboard */; };
		850B8D8021FAA19A002EF665 /* Assets.xcassets in Resources */ = {isa = PBXBuildFile; fileRef = 850B8D7F21FAA19A002EF665 /* Assets.xcassets */; };
		850B8D8321FAA19A002EF665 /* LaunchScreen.storyboard in Resources */ = {isa = PBXBuildFile; fileRef = 850B8D8121FAA19A002EF665 /* LaunchScreen.storyboard */; };
/* End PBXBuildFile section */

/* Begin PBXFileReference section */
		850B8D7521FAA199002EF665 /* JankenG's.app */ = {isa = PBXFileReference; explicitFileType = wrapper.application; includeInIndex = 0; path = "JankenG's.app"; sourceTree = BUILT_PRODUCTS_DIR; };
		850B8D7821FAA199002EF665 /* AppDelegate.swift */ = {isa = PBXFileReference; lastKnownFileType = sourcecode.swift; path = AppDelegate.swift; sourceTree = "<group>"; };
		850B8D7A21FAA199002EF665 /* ViewController.swift */ = {isa = PBXFileReference; lastKnownFileType = sourcecode.swift; path = ViewController.swift; sourceTree = "<group>"; };
		850B8D7D21FAA199002EF665 /* Base */ = {isa = PBXFileReference; lastKnownFileType = file.storyboard; name = Base; path = Base.lproj/Main.storyboard; sourceTree = "<group>"; };
		850B8D7F21FAA19A002EF665 /* Assets.xcassets */ = {isa = PBXFileReference; lastKnownFileType = folder.assetcatalog; path = Assets.xcassets; sourceTree = "<group>"; };
		850B8D8221FAA19A002EF665 /* Base */ = {isa = PBXFileReference; lastKnownFileType = file.storyboard; name = Base; path = Base.lproj/LaunchScreen.storyboard; sourceTree = "<group>"; };
		850B8D8421FAA19A002EF665 /* Info.plist */ = {isa = PBXFileReference; lastKnownFileType = text.plist.xml; path = Info.plist; sourceTree = "<group>"; };
/* End PBXFileReference section */

/* Begin PBXFrameworksBuildPhase section */
		850B8D7221FAA199002EF665 /* Frameworks */ = {
			isa = PBXFrameworksBuildPhase;
			buildActionMask = 2147483647;
			files = (
			);
			runOnlyForDeploymentPostprocessing = 0;
		};
/* End PBXFrameworksBuildPhase section */

/* Begin PBXGroup section */
		850B8D6C21FAA199002EF665 = {
			isa = PBXGroup;
			children = (
				850B8D7721FAA199002EF665 /* JankenG's */,
				850B8D7621FAA199002EF665 /* Products */,
			);
			sourceTree = "<group>";
		};
		850B8D7621FAA199002EF665 /* Products */ = {
			isa = PBXGroup;
			children = (
				850B8D7521FAA199002EF665 /* JankenG's.app */,
			);
			name = Products;
			sourceTree = "<group>";
		};
		850B8D7721FAA199002EF665 /* JankenG's */ = {
			isa = PBXGroup;
			children = (
				850B8D7821FAA199002EF665 /* AppDelegate.swift */,
				850B8D7A21FAA199002EF665 /* ViewController.swift */,
				850B8D7C21FAA199002EF665 /* Main.storyboard */,
				850B8D7F21FAA19A002EF665 /* Assets.xcassets */,
				850B8D8121FAA19A002EF665 /* LaunchScreen.storyboard */,
				850B8D8421FAA19A002EF665 /* Info.plist */,
			);
			path = "JankenG's";
			sourceTree = "<group>";
		};
/* End PBXGroup section */

/* Begin PBXNativeTarget section */
		850B8D7421FAA199002EF665 /* JankenG's */ = {
			isa = PBXNativeTarget;
			buildConfigurationList = 850B8D8721FAA19A002EF665 /* Build configuration list for PBXNativeTarget "JankenG's" */;
			buildPhases = (
				850B8D7121FAA199002EF665 /* Sources */,
				850B8D7221FAA199002EF665 /* Frameworks */,
				850B8D7321FAA199002EF665 /* Resources */,
			);
			buildRules = (
			);
			dependencies = (
			);
			name = "JankenG's";
			productName = "JankenG's";
			productReference = 850B8D7521FAA199002EF665 /* JankenG's.app */;
			productType = "com.apple.product-type.application";
		};
/* End PBXNativeTarget section */

/* Begin PBXProject section */
		850B8D6D21FAA199002EF665 /* Project object */ = {
			isa = PBXProject;
			attributes = {
				LastSwiftUpdateCheck = 1010;
				LastUpgradeCheck = 1010;
				ORGANIZATIONNAME = "Takanori Ikegawa";
				TargetAttributes = {
					850B8D7421FAA199002EF665 = {
						CreatedOnToolsVersion = 10.1;
					};
				};
			};
			buildConfigurationList = 850B8D7021FAA199002EF665 /* Build configuration list for PBXProject "JankenG's" */;
			compatibilityVersion = "Xcode 9.3";
			developmentRegion = en;
			hasScannedForEncodings = 0;
			knownRegions = (
				en,
				Base,
			);
			mainGroup = 850B8D6C21FAA199002EF665;
			productRefGroup = 850B8D7621FAA199002EF665 /* Products */;
			projectDirPath = "";
			projectRoot = "";
			targets = (
				850B8D7421FAA199002EF665 /* JankenG's */,
			);
		};
/* End PBXProject section */

/* Begin PBXResourcesBuildPhase section */
		850B8D7321FAA199002EF665 /* Resources */ = {
			isa = PBXResourcesBuildPhase;
			buildActionMask = 2147483647;
			files = (
				850B8D8321FAA19A002EF665 /* LaunchScreen.storyboard in Resources */,
				850B8D8021FAA19A002EF665 /* Assets.xcassets in Resources */,
				850B8D7E21FAA199002EF665 /* Main.storyboard in Resources */,
			);
			runOnlyForDeploymentPostprocessing = 0;
		};
/* End PBXResourcesBuildPhase section */

/* Begin PBXSourcesBuildPhase section */
		850B8D7121FAA199002EF665 /* Sources */ = {
			isa = PBXSourcesBuildPhase;
			buildActionMask = 2147483647;
			files = (
				850B8D7B21FAA199002EF665 /* ViewController.swift in Sources */,
				850B8D7921FAA199002EF665 /* AppDelegate.swift in Sources */,
			);
			runOnlyForDeploymentPostprocessing = 0;
		};
/* End PBXSourcesBuildPhase section */

/* Begin PBXVariantGroup section */
		850B8D7C21FAA199002EF665 /* Main.storyboard */ = {
			isa = PBXVariantGroup;
			children = (
				850B8D7D21FAA199002EF665 /* Base */,
			);
			name = Main.storyboard;
			sourceTree = "<group>";
		};
		850B8D8121FAA19A002EF665 /* LaunchScreen.storyboard */ = {
			isa = PBXVariantGroup;
			children = (
				850B8D8221FAA19A002EF665 /* Base */,
			);
			name = LaunchScreen.storyboard;
			sourceTree = "<group>";
		};
/* End PBXVariantGroup section */

/* Begin XCBuildConfiguration section */
		850B8D8521FAA19A002EF665 /* Debug */ = {
			isa = XCBuildConfiguration;
			buildSettings = {
				ALWAYS_SEARCH_USER_PATHS = NO;
				CLANG_ANALYZER_NONNULL = YES;
				CLANG_ANALYZER_NUMBER_OBJECT_CONVERSION = YES_AGGRESSIVE;
				CLANG_CXX_LANGUAGE_STANDARD = "gnu++14";
				CLANG_CXX_LIBRARY = "libc++";
				CLANG_ENABLE_MODULES = YES;
				CLANG_ENABLE_OBJC_ARC = YES;
				CLANG_ENABLE_OBJC_WEAK = YES;
				CLANG_WARN_BLOCK_CAPTURE_AUTORELEASING = YES;
				CLANG_WARN_BOOL_CONVERSION = YES;
				CLANG_WARN_COMMA = YES;
				CLANG_WARN_CONSTANT_CONVERSION = YES;
				CLANG_WARN_DEPRECATED_OBJC_IMPLEMENTATIONS = YES;
				CLANG_WARN_DIRECT_OBJC_ISA_USAGE = YES_ERROR;
				CLANG_WARN_DOCUMENTATION_COMMENTS = YES;
				CLANG_WARN_EMPTY_BODY = YES;
				CLANG_WARN_ENUM_CONVERSION = YES;
				CLANG_WARN_INFINITE_RECURSION = YES;
				CLANG_WARN_INT_CONVERSION = YES;
				CLANG_WARN_NON_LITERAL_NULL_CONVERSION = YES;
				CLANG_WARN_OBJC_IMPLICIT_RETAIN_SELF = YES;
				CLANG_WARN_OBJC_LITERAL_CONVERSION = YES;
				CLANG_WARN_OBJC_ROOT_CLASS = YES_ERROR;
				CLANG_WARN_RANGE_LOOP_ANALYSIS = YES;
				CLANG_WARN_STRICT_PROTOTYPES = YES;
				CLANG_WARN_SUSPICIOUS_MOVE = YES;
				CLANG_WARN_UNGUARDED_AVAILABILITY = YES_AGGRESSIVE;
				CLANG_WARN_UNREACHABLE_CODE = YES;
				CLANG_WARN__DUPLICATE_METHOD_MATCH = YES;
				CODE_SIGN_IDENTITY = "iPhone Developer";
				COPY_PHASE_STRIP = NO;
				DEBUG_INFORMATION_FORMAT = dwarf;
				ENABLE_STRICT_OBJC_MSGSEND = YES;
				ENABLE_TESTABILITY = YES;
				GCC_C_LANGUAGE_STANDARD = gnu11;
				GCC_DYNAMIC_NO_PIC = NO;
				GCC_NO_COMMON_BLOCKS = YES;
				GCC_OPTIMIZATION_LEVEL = 0;
				GCC_PREPROCESSOR_DEFINITIONS = (
					"DEBUG=1",
					"$(inherited)",
				);
				GCC_WARN_64_TO_32_BIT_CONVERSION = YES;
				GCC_WARN_ABOUT_RETURN_TYPE = YES_ERROR;
				GCC_WARN_UNDECLARED_SELECTOR = YES;
				GCC_WARN_UNINITIALIZED_AUTOS = YES_AGGRESSIVE;
				GCC_WARN_UNUSED_FUNCTION = YES;
				GCC_WARN_UNUSED_VARIABLE = YES;
				IPHONEOS_DEPLOYMENT_TARGET = 12.1;
				MTL_ENABLE_DEBUG_INFO = INCLUDE_SOURCE;
				MTL_FAST_MATH = YES;
				ONLY_ACTIVE_ARCH = YES;
				SDKROOT = iphoneos;
				SWIFT_ACTIVE_COMPILATION_CONDITIONS = DEBUG;
				SWIFT_OPTIMIZATION_LEVEL = "-Onone";
			};
			name = Debug;
		};
		850B8D8621FAA19A002EF665 /* Release */ = {
			isa = XCBuildConfiguration;
			buildSettings = {
				ALWAYS_SEARCH_USER_PATHS = NO;
				CLANG_ANALYZER_NONNULL = YES;
				CLANG_ANALYZER_NUMBER_OBJECT_CONVERSION = YES_AGGRESSIVE;
				CLANG_CXX_LANGUAGE_STANDARD = "gnu++14";
				CLANG_CXX_LIBRARY = "libc++";
				CLANG_ENABLE_MODULES = YES;
				CLANG_ENABLE_OBJC_ARC = YES;
				CLANG_ENABLE_OBJC_WEAK = YES;
				CLANG_WARN_BLOCK_CAPTURE_AUTORELEASING = YES;
				CLANG_WARN_BOOL_CONVERSION = YES;
				CLANG_WARN_COMMA = YES;
				CLANG_WARN_CONSTANT_CONVERSION = YES;
				CLANG_WARN_DEPRECATED_OBJC_IMPLEMENTATIONS = YES;
				CLANG_WARN_DIRECT_OBJC_ISA_USAGE = YES_ERROR;
				CLANG_WARN_DOCUMENTATION_COMMENTS = YES;
				CLANG_WARN_EMPTY_BODY = YES;
				CLANG_WARN_ENUM_CONVERSION = YES;
				CLANG_WARN_INFINITE_RECURSION = YES;
				CLANG_WARN_INT_CONVERSION = YES;
				CLANG_WARN_NON_LITERAL_NULL_CONVERSION = YES;
				CLANG_WARN_OBJC_IMPLICIT_RETAIN_SELF = YES;
				CLANG_WARN_OBJC_LITERAL_CONVERSION = YES;
				CLANG_WARN_OBJC_ROOT_CLASS = YES_ERROR;
				CLANG_WARN_RANGE_LOOP_ANALYSIS = YES;
				CLANG_WARN_STRICT_PROTOTYPES = YES;
				CLANG_WARN_SUSPICIOUS_MOVE = YES;
				CLANG_WARN_UNGUARDED_AVAILABILITY = YES_AGGRESSIVE;
				CLANG_WARN_UNREACHABLE_CODE = YES;
				CLANG_WARN__DUPLICATE_METHOD_MATCH = YES;
				CODE_SIGN_IDENTITY = "iPhone Developer";
				COPY_PHASE_STRIP = NO;
				DEBUG_INFORMATION_FORMAT = "dwarf-with-dsym";
				ENABLE_NS_ASSERTIONS = NO;
				ENABLE_STRICT_OBJC_MSGSEND = YES;
				GCC_C_LANGUAGE_STANDARD = gnu11;
				GCC_NO_COMMON_BLOCKS = YES;
				GCC_WARN_64_TO_32_BIT_CONVERSION = YES;
				GCC_WARN_ABOUT_RETURN_TYPE = YES_ERROR;
				GCC_WARN_UNDECLARED_SELECTOR = YES;
				GCC_WARN_UNINITIALIZED_AUTOS = YES_AGGRESSIVE;
				GCC_WARN_UNUSED_FUNCTION = YES;
				GCC_WARN_UNUSED_VARIABLE = YES;
				IPHONEOS_DEPLOYMENT_TARGET = 12.1;
				MTL_ENABLE_DEBUG_INFO = NO;
				MTL_FAST_MATH = YES;
				SDKROOT = iphoneos;
				SWIFT_COMPILATION_MODE = wholemodule;
				SWIFT_OPTIMIZATION_LEVEL = "-O";
				VALIDATE_PRODUCT = YES;
			};
			name = Release;
		};
		850B8D8821FAA19A002EF665 /* Debug */ = {
			isa = XCBuildConfiguration;
			buildSettings = {
				ASSETCATALOG_COMPILER_APPICON_NAME = AppIcon;
				CODE_SIGN_STYLE = Automatic;
				DEVELOPMENT_TEAM = 7Q586G57SU;
				INFOPLIST_FILE = "JankenG's/Info.plist";
				LD_RUNPATH_SEARCH_PATHS = (
					"$(inherited)",
					"@executable_path/Frameworks",
				);
				PRODUCT_BUNDLE_IDENTIFIER = "pj.kooltuo-09910udc.JankenG-s";
				PRODUCT_NAME = "$(TARGET_NAME)";
				SWIFT_VERSION = 4.2;
				TARGETED_DEVICE_FAMILY = "1,2";
			};
			name = Debug;
		};
		850B8D8921FAA19A002EF665 /* Release */ = {
			isa = XCBuildConfiguration;
			buildSettings = {
				ASSETCATALOG_COMPILER_APPICON_NAME = AppIcon;
				CODE_SIGN_STYLE = Automatic;
				DEVELOPMENT_TEAM = 7Q586G57SU;
				INFOPLIST_FILE = "JankenG's/Info.plist";
				LD_RUNPATH_SEARCH_PATHS = (
					"$(inherited)",
					"@executable_path/Frameworks",
				);
				PRODUCT_BUNDLE_IDENTIFIER = "pj.kooltuo-09910udc.JankenG-s";
				PRODUCT_NAME = "$(TARGET_NAME)";
				SWIFT_VERSION = 4.2;
				TARGETED_DEVICE_FAMILY = "1,2";
			};
			name = Release;
		};
/* End XCBuildConfiguration section */

/* Begin XCConfigurationList section */
		850B8D7021FAA199002EF665 /* Build configuration list for PBXProject "JankenG's" */ = {
			isa = XCConfigurationList;
			buildConfigurations = (
				850B8D8521FAA19A002EF665 /* Debug */,
				850B8D8621FAA19A002EF665 /* Release */,
			);
			defaultConfigurationIsVisible = 0;
			defaultConfigurationName = Release;
		};
		850B8D8721FAA19A002EF665 /* Build configuration list for PBXNativeTarget "JankenG's" */ = {
			isa = XCConfigurationList;
			buildConfigurations = (
				850B8D8821FAA19A002EF665 /* Debug */,
				850B8D8921FAA19A002EF665 /* Release */,
			);
			defaultConfigurationIsVisible = 0;
			defaultConfigurationName = Release;
		};
/* End XCConfigurationList section */
	};
	rootObject = 850B8D6D21FAA199002EF665 /* Project object */;
}
